
Microsoft Visual Studio Solution File, Format Version 12.00
# Visual Studio 15
VisualStudioVersion = 15.0.27004.2002
MinimumVisualStudioVersion = 10.0.40219.1
Project("{9A19103F-16F7-4668-BE54-9A1E7A4F7556}") = "TodoApp", "TodoApp\TodoApp.csproj", "{D64CDB9C-A477-4ADE-BE7F-E54D6F1931DF}"
EndProject
Global
	GlobalSection(SolutionConfigurationPlatforms) = preSolution
		Debug|Any CPU = Debug|Any CPU
		Release|Any CPU = Release|Any CPU
	EndGlobalSection
	GlobalSection(ProjectConfigurationPlatforms) = postSolution
		{D64CDB9C-A477-4ADE-BE7F-E54D6F1931DF}.Debug|Any CPU.ActiveCfg = Debug|Any CPU
		{D64CDB9C-A477-4ADE-BE7F-E54D6F1931DF}.Debug|Any CPU.Build.0 = Debug|Any CPU
		{D64CDB9C-A477-4ADE-BE7F-E54D6F1931DF}.Release|Any CPU.ActiveCfg = Release|Any CPU
		{D64CDB9C-A477-4ADE-BE7F-E54D6F1931DF}.Release|Any CPU.Build.0 = Release|Any CPU
	EndGlobalSection
	GlobalSection(SolutionProperties) = preSolution
		HideSolutionNode = FALSE
	EndGlobalSection
	GlobalSection(ExtensibilityGlobals) = postSolution
		SolutionGuid = {DD8ADF5C-068E-4F52-B171-C941CA9448CE}
	EndGlobalSection
EndGlobal
